
Microsoft Visual Studio Solution File, Format Version 12.00
# Visual Studio Version 17
VisualStudioVersion = 17.13.36105.23 d17.13
MinimumVisualStudioVersion = 10.0.40219.1
Project("{FAE04EC0-301F-11D3-BF4B-00C04F79EFBC}") = "TypesAndVariable", "TypesAndVariable\TypesAndVariable.csproj", "{99D20D9F-C6F8-4476-964E-C152D0C36ECD}"
EndProject
Global
	GlobalSection(SolutionConfigurationPlatforms) = preSolution
		Debug|Any CPU = Debug|Any CPU
		Release|Any CPU = Release|Any CPU
	EndGlobalSection
	GlobalSection(ProjectConfigurationPlatforms) = postSolution
		{99D20D9F-C6F8-4476-964E-C152D0C36ECD}.Debug|Any CPU.ActiveCfg = Debug|Any CPU
		{99D20D9F-C6F8-4476-964E-C152D0C36ECD}.Debug|Any CPU.Build.0 = Debug|Any CPU
		{99D20D9F-C6F8-4476-964E-C152D0C36ECD}.Release|Any CPU.ActiveCfg = Release|Any CPU
		{99D20D9F-C6F8-4476-964E-C152D0C36ECD}.Release|Any CPU.Build.0 = Release|Any CPU
	EndGlobalSection
	GlobalSection(SolutionProperties) = preSolution
		HideSolutionNode = FALSE
	EndGlobalSection
	GlobalSection(ExtensibilityGlobals) = postSolution
		SolutionGuid = {166C6DE5-BAB5-4F51-9FDB-2D6116C35096}
	EndGlobalSection
EndGlobal
